{
  "version": "5",
  "specifiers": {
    "jsr:@oak/commons@1": "1.0.1",
    "jsr:@oak/oak@*": "17.1.4",
    "jsr:@std/assert@1": "1.0.13",
    "jsr:@std/bytes@1": "1.0.6",
    "jsr:@std/crypto@1": "1.0.5",
    "jsr:@std/encoding@1": "1.0.10",
    "jsr:@std/encoding@^1.0.10": "1.0.10",
    "jsr:@std/http@1": "1.0.16",
    "jsr:@std/internal@^1.0.6": "1.0.7",
    "jsr:@std/media-types@1": "1.1.0",
    "jsr:@std/path@1": "1.0.9",
    "npm:@types/node@*": "22.15.15",
    "npm:m@*": "1.9.1",
    "npm:mo@*": "1.7.3",
    "npm:mon@*": "0.0.8",
    "npm:mong@*": "2.0.2",
    "npm:mongo@*": "0.1.0",
    "npm:mongod@*": "2.0.0",
    "npm:mongodb@*": "6.16.0",
    "npm:path-to-regexp@^6.3.0": "6.3.0"
  },
  "jsr": {
    "@oak/commons@1.0.1": {
      "integrity": "889ff210f0b4292591721be07244ecb1b5c118742f5273c70cf30d7cd4184d0c",
      "dependencies": [
        "jsr:@std/assert",
        "jsr:@std/bytes",
        "jsr:@std/crypto",
        "jsr:@std/encoding@1",
        "jsr:@std/http",
        "jsr:@std/media-types"
      ]
    },
    "@oak/oak@17.1.4": {
      "integrity": "60530b582bf276ff741e39cc664026781aa08dd5f2bc5134d756cc427bf2c13e",
      "dependencies": [
        "jsr:@oak/commons",
        "jsr:@std/assert",
        "jsr:@std/bytes",
        "jsr:@std/http",
        "jsr:@std/media-types",
        "jsr:@std/path",
        "npm:path-to-regexp"
      ]
    },
    "@std/assert@1.0.13": {
      "integrity": "ae0d31e41919b12c656c742b22522c32fb26ed0cba32975cb0de2a273cb68b29",
      "dependencies": [
        "jsr:@std/internal"
      ]
    },
    "@std/bytes@1.0.6": {
      "integrity": "f6ac6adbd8ccd99314045f5703e23af0a68d7f7e58364b47d2c7f408aeb5820a"
    },
    "@std/crypto@1.0.5": {
      "integrity": "0dcfbb319fe0bba1bd3af904ceb4f948cde1b92979ec1614528380ed308a3b40"
    },
    "@std/encoding@1.0.10": {
      "integrity": "8783c6384a2d13abd5e9e87a7ae0520a30e9f56aeeaa3bdf910a3eaaf5c811a1"
    },
    "@std/http@1.0.16": {
      "integrity": "80c8d08c4bfcf615b89978dcefb84f7e880087cf3b6b901703936f3592a06933",
      "dependencies": [
        "jsr:@std/encoding@^1.0.10"
      ]
    },
    "@std/internal@1.0.7": {
      "integrity": "39eeb5265190a7bc5d5591c9ff019490bd1f2c3907c044a11b0d545796158a0f"
    },
    "@std/media-types@1.1.0": {
      "integrity": "c9d093f0c05c3512932b330e3cc1fe1d627b301db33a4c2c2185c02471d6eaa4"
    },
    "@std/path@1.0.9": {
      "integrity": "260a49f11edd3db93dd38350bf9cd1b4d1366afa98e81b86167b4e3dd750129e"
    }
  },
  "npm": {
    "@mongodb-js/saslprep@1.2.2": {
      "integrity": "sha512-EB0O3SCSNRUFk66iRCpI+cXzIjdswfCs7F6nOC3RAGJ7xr5YhaicvsRwJ9eyzYvYRlCSDUO/c7g4yNulxKC1WA==",
      "dependencies": [
        "sparse-bitfield"
      ]
    },
    "@types/node@22.15.15": {
      "integrity": "sha512-R5muMcZob3/Jjchn5LcO8jdKwSCbzqmPB6ruBxMcf9kbxtniZHP327s6C37iOfuw8mbKK3cAQa7sEl7afLrQ8A==",
      "dependencies": [
        "undici-types"
      ]
    },
    "@types/webidl-conversions@7.0.3": {
      "integrity": "sha512-CiJJvcRtIgzadHCYXw7dqEnMNRjhGZlYK05Mj9OyktqV8uVT8fD2BFOB7S1uwBE3Kj2Z+4UyPmFw/Ixgw/LAlA=="
    },
    "@types/whatwg-url@11.0.5": {
      "integrity": "sha512-coYR071JRaHa+xoEvvYqvnIHaVqaYrLPbsufM9BF63HkwI5Lgmy2QR8Q5K/lYDYo5AK82wOvSOS0UsLTpTG7uQ==",
      "dependencies": [
        "@types/webidl-conversions"
      ]
    },
    "bson@1.0.9": {
      "integrity": "sha512-IQX9/h7WdMBIW/q/++tGd+emQr0XMdeZ6icnT/74Xk9fnabWn+gZgpE+9V+gujL3hhJOoNrnDVY7tWdzc7NUTg==",
      "deprecated": true
    },
    "bson@6.10.3": {
      "integrity": "sha512-MTxGsqgYTwfshYWTRdmZRC+M7FnG1b4y7RO7p2k3X24Wq0yv1m77Wsj0BzlPzd/IowgESfsruQCUToa7vbOpPQ=="
    },
    "buffer-shims@1.0.0": {
      "integrity": "sha512-Zy8ZXMyxIT6RMTeY7OP/bDndfj6bwCan7SS98CEndS6deHwWPpseeHlwarNcBim+etXnF9HBc1non5JgDaJU1g=="
    },
    "class.extend@0.9.2": {
      "integrity": "sha512-smLISk4BdoLsCO0ryZKV8C0MqtzhdIQFLDTnkztnff0xpg6bJEMSE3FjHCQoCxYrEy+8Z2lneSxDXrIckifkZA=="
    },
    "core-util-is@1.0.3": {
      "integrity": "sha512-ZQBvi1DcpJ4GDqanjucZ2Hj3wEO5pZDS89BWbkcrvdxksJorwUDDZamX9ldFkp9aw2lmBDLgkObEA4DWNJ9FYQ=="
    },
    "es6-promise@2.3.0": {
      "integrity": "sha512-oyOjMhyKMLEjOOtvkwg0G4pAzLQ9WdbbeX7WdqKzvYXu+UFgD0Zo/Brq5Q49zNmnGPPzV5rmYvrr0jz1zWx8Iw=="
    },
    "es6-promise@3.2.1": {
      "integrity": "sha512-oj4jOSXvWglTsc3wrw86iom3LDPOx1nbipQk+jaG3dy+sMRM6ReSgVr/VlmBuF6lXUrflN9DCcQHeSbAwGUl4g=="
    },
    "inherits@2.0.4": {
      "integrity": "sha512-k/vGaX4/Yla3WzyMCvTQOXYeIHvqOKtnqBduzTHpzpQZzAskKMhZ2K+EnBiSM9zGSoIFeMpXKxa4dYeZIQqewQ=="
    },
    "isarray@1.0.0": {
      "integrity": "sha512-VLghIWNM6ELQzo7zwmcg0NmTVyWKYjvIeM83yjp0wRDTmUnrM678fQbcKBo6n2CJEF0szoG//ytg+TKla89ALQ=="
    },
    "lodash-node@2.4.1": {
      "integrity": "sha512-egEt8eNQp2kZWRmngahiqMoDCDCENv3uM188S7Ed5t4k3v6RrLELXC+FqLNMUnhCo7gvQX3G1V8opK/Lcslahg==",
      "deprecated": true
    },
    "m@1.9.1": {
      "integrity": "sha512-fwf9xG/pXB1z0SNYfDA5hIzZ6F0gNB1O5oZNYPP4+sEJmBGIohRcAGWrbNXIA/GLIHK1udwG2vErnqSY1q2ozQ==",
      "bin": true
    },
    "map-stream@0.0.6": {
      "integrity": "sha512-RG9wAgznUY0foT30MMfnXh4jS0ObmOuxoGKe/ppYvM55RfquNdIvEEf6e+euczNVVzJIVbkgxg7GJBpYDhQ/Zg=="
    },
    "memory-pager@1.5.0": {
      "integrity": "sha512-ZS4Bp4r/Zoeq6+NLJpP+0Zzm0pR8whtGPf1XExKLJBAczGMnSi3It14OiNCStjQjM6NU1okjQGSxgEZN8eBYKg=="
    },
    "mo@1.7.3": {
      "integrity": "sha512-YJT2mnQBdeFkb0eESdatfyHW8WkPQAly5ImFNORlA1z8e64Uvo7gtTE3CefU3qTQx2Z3LnEwISP+WkxoSiFG/A=="
    },
    "mon@0.0.8": {
      "integrity": "sha512-29ZVgOM3XbJXUI1wc1ZmBG8skORNegtagrc/6r+O5dMFgPWQKNRePVL72PLfkCSRTA6s/zoiSpjx/nM9yPHJZw==",
      "dependencies": [
        "class.extend",
        "lodash-node",
        "sql.js"
      ]
    },
    "mong@2.0.2": {
      "integrity": "sha512-wS5jqnqVChkTZgT0xrXfLZOwtYvK1geg7CQZ5SInC3TeOHE+0ztFCHtmuojye+rB6VoTBJtPJd6dFLneGFYR+g==",
      "dependencies": [
        "es6-promise@2.3.0",
        "map-stream",
        "mongodb@2.2.36"
      ],
      "deprecated": true
    },
    "mongo@0.1.0": {
      "integrity": "sha512-2MPq+GCNKhah0V/g/HIQI/S1h6Ycd87KPuXAITkeXWT6wncvABFxOaXdzCKlRvLSQRUkDimllrRrhoHUTD8usg==",
      "dependencies": [
        "mongodb@6.16.0"
      ]
    },
    "mongod@2.0.0": {
      "integrity": "sha512-J1it0yFsLH+y4EIBByEDPKUu+2AQlEMoRc4ugtKRlppQM6dh4oFEIJlpuCE1Cixt33Ni1gZQ+eaizWTqBc5MTA==",
      "dependencies": [
        "promise-queue"
      ]
    },
    "mongodb-connection-string-url@3.0.2": {
      "integrity": "sha512-rMO7CGo/9BFwyZABcKAWL8UJwH/Kc2x0g72uhDWzG48URRax5TCIcJ7Rc3RZqffZzO/Gwff/jyKwCU9TN8gehA==",
      "dependencies": [
        "@types/whatwg-url",
        "whatwg-url"
      ]
    },
    "mongodb-core@2.1.20": {
      "integrity": "sha512-IN57CX5/Q1bhDq6ShAR6gIv4koFsZP7L8WOK1S0lR0pVDQaScffSMV5jxubLsmZ7J+UdqmykKw4r9hG3XQEGgQ==",
      "dependencies": [
        "bson@1.0.9",
        "require_optional"
      ]
    },
    "mongodb@2.2.36": {
      "integrity": "sha512-P2SBLQ8Z0PVx71ngoXwo12+FiSfbNfGOClAao03/bant5DgLNkOPAck5IaJcEk4gKlQhDEURzfR3xuBG1/B+IA==",
      "dependencies": [
        "es6-promise@3.2.1",
        "mongodb-core",
        "readable-stream"
      ]
    },
    "mongodb@6.16.0": {
      "integrity": "sha512-D1PNcdT0y4Grhou5Zi/qgipZOYeWrhLEpk33n3nm6LGtz61jvO88WlrWCK/bigMjpnOdAUKKQwsGIl0NtWMyYw==",
      "dependencies": [
        "@mongodb-js/saslprep",
        "bson@6.10.3",
        "mongodb-connection-string-url"
      ]
    },
    "path-to-regexp@6.3.0": {
      "integrity": "sha512-Yhpw4T9C6hPpgPeA28us07OJeqZ5EzQTkbfwuhsUg0c237RomFoETJgmp2sa3F/41gfLE6G5cqcYwznmeEeOlQ=="
    },
    "process-nextick-args@1.0.7": {
      "integrity": "sha512-yN0WQmuCX63LP/TMvAg31nvT6m4vDqJEiiv2CAZqWOGNWutc9DfDk1NPYYmKUFmaVM2UwDowH4u5AHWYP/jxKw=="
    },
    "promise-queue@2.2.5": {
      "integrity": "sha512-p/iXrPSVfnqPft24ZdNNLECw/UrtLTpT3jpAAMzl/o5/rDsGCPo3/CQS2611flL6LkoEJ3oQZw7C8Q80ZISXRQ=="
    },
    "punycode@2.3.1": {
      "integrity": "sha512-vYt7UD1U9Wg6138shLtLOvdAu+8DsC/ilFtEVHcH+wydcSpNE20AfSOduf6MkRFahL5FY7X1oU7nKVZFtfq8Fg=="
    },
    "readable-stream@2.2.7": {
      "integrity": "sha512-a6ibcfWFhgihuTw/chl+u3fB5ykBZFmnvpyZHebY0MCQE4vvYcsCLpCeaQ1BkH7HdJYavNSqF0WDLeo4IPHQaQ==",
      "dependencies": [
        "buffer-shims",
        "core-util-is",
        "inherits",
        "isarray",
        "process-nextick-args",
        "string_decoder",
        "util-deprecate"
      ]
    },
    "require_optional@1.0.1": {
      "integrity": "sha512-qhM/y57enGWHAe3v/NcwML6a3/vfESLe/sGM2dII+gEO0BpKRUkWZow/tyloNqJyN6kXSl3RyyM8Ll5D/sJP8g==",
      "dependencies": [
        "resolve-from",
        "semver"
      ]
    },
    "resolve-from@2.0.0": {
      "integrity": "sha512-qpFcKaXsq8+oRoLilkwyc7zHGF5i9Q2/25NIgLQQ/+VVv9rU4qvr6nXVAw1DsnXJyQkZsR4Ytfbtg5ehfcUssQ=="
    },
    "safe-buffer@5.1.2": {
      "integrity": "sha512-Gd2UZBJDkXlY7GbJxfsE8/nvKkUEU1G38c1siN6QP6a9PT9MmHB8GnpscSmMJSoF8LOIrt8ud/wPtojys4G6+g=="
    },
    "semver@5.7.2": {
      "integrity": "sha512-cBznnQ9KjJqU67B52RMC65CMarK2600WFnbkcaiwWq3xy/5haFJlshgnpjovMVJ+Hff49d8GEn0b87C5pDQ10g==",
      "bin": true
    },
    "sparse-bitfield@3.0.3": {
      "integrity": "sha512-kvzhi7vqKTfkh0PZU+2D2PIllw2ymqJKujUcyPMd9Y75Nv4nPbGJZXNhxsgdQab2BmlDct1YnfQCguEvHr7VsQ==",
      "dependencies": [
        "memory-pager"
      ]
    },
    "sql.js@0.2.21": {
      "integrity": "sha512-mrw1OevrxEVr9p3pDt/81H46/GYsL7/6kEs76xHHZBiCkPt/c3OH00GsgTtb5QeuJYdlMmdFoUSBA+UYJwbgCg=="
    },
    "string_decoder@1.0.3": {
      "integrity": "sha512-4AH6Z5fzNNBcH+6XDMfA/BTt87skxqJlO0lAh3Dker5zThcAxG6mKz+iGu308UKoPPQ8Dcqx/4JhujzltRa+hQ==",
      "dependencies": [
        "safe-buffer"
      ]
    },
    "tr46@5.1.1": {
      "integrity": "sha512-hdF5ZgjTqgAntKkklYw0R03MG2x/bSzTtkxmIRw/sTNV8YXsCJ1tfLAX23lhxhHJlEf3CRCOCGGWw3vI3GaSPw==",
      "dependencies": [
        "punycode"
      ]
    },
    "undici-types@6.21.0": {
      "integrity": "sha512-iwDZqg0QAGrg9Rav5H4n0M64c3mkR59cJ6wQp+7C4nI0gsmExaedaYLNO44eT4AtBBwjbTiGPMlt2Md0T9H9JQ=="
    },
    "util-deprecate@1.0.2": {
      "integrity": "sha512-EPD5q1uXyFxJpCrLnCc1nHnq3gOa6DZBocAIiI2TaSCA7VCJ1UJDMagCzIkXNsUYfD1daK//LTEQ8xiIbrHtcw=="
    },
    "webidl-conversions@7.0.0": {
      "integrity": "sha512-VwddBukDzu71offAQR975unBIGqfKZpM+8ZX6ySk8nYhVoo5CYaZyzt3YBvYtRtO+aoGlqxPg/B87NGVZ/fu6g=="
    },
    "whatwg-url@14.2.0": {
      "integrity": "sha512-De72GdQZzNTUBBChsXueQUnPKDkg/5A5zp7pFDuQAj5UFoENpiACU0wlCvzpAGnTkj++ihpKwKyYewn/XNUbKw==",
      "dependencies": [
        "tr46",
        "webidl-conversions"
      ]
    }
  },
  "redirects": {
    "https://deno.land/std/datetime/mod.ts": "https://deno.land/std@0.224.0/datetime/mod.ts",
    "https://deno.land/x/eta/src/index.ts": "https://deno.land/x/eta@v3.5.0/src/index.ts",
    "https://deno.land/x/oak_logger/mod.ts": "https://deno.land/x/oak_logger@1.0.0/mod.ts"
  },
  "remote": {
    "https://deno.land/std@0.224.0/datetime/_date_time_formatter.ts": "b810c4c0d8f7aafe765fb963efdbf704acceb0730f5b242a7ec46df37834307c",
    "https://deno.land/std@0.224.0/datetime/constants.ts": "5df80a84e301da6db5793804122c034d2d090da31f1e1c5fdaa831fc70a45da7",
    "https://deno.land/std@0.224.0/datetime/day_of_year.ts": "5e513e239bd473e86d6a869d154720e9b6b8c86e1f14330ed5bb97575d9fa07b",
    "https://deno.land/std@0.224.0/datetime/difference.ts": "8da08374910cae7d316cd7669912b70465f36d4e159e2c9f525a441f91fa9c7a",
    "https://deno.land/std@0.224.0/datetime/format.ts": "8a550406530533c4aba101d471695f7f96c0eae61c1346748708eb333290d5f8",
    "https://deno.land/std@0.224.0/datetime/is_leap.ts": "77f6eb9a4b7ea2a2dedbfecf75fd0a3f8f0e1610f708480e692f401f29e72650",
    "https://deno.land/std@0.224.0/datetime/mod.ts": "6a49163dd0c7986658ed425b3555da5312252e5f5156bced6ae7199e651aa83b",
    "https://deno.land/std@0.224.0/datetime/parse.ts": "d6dea8b3e394908dfd016bbe4545f260da4032493294aee1d10a3cf194c191cb",
    "https://deno.land/std@0.224.0/datetime/week_of_year.ts": "ecaff056953753db3dabc9a769f80ff7ea7be79ae1e34edb5e2bda336f685757",
    "https://deno.land/std@0.53.0/fmt/colors.ts": "ec9d653672a9a3c7b6eafe53c5bc797364a2db2dcf766ab649c1155fea7a80b2",
    "https://deno.land/x/eta@v3.5.0/src/compile-string.ts": "ee1de98e5349dc70652e944316cb7fe1d32fd4065fef323b9e6e78db65d3e20c",
    "https://deno.land/x/eta@v3.5.0/src/compile.ts": "6e519d6341664d552da844bb8356e818d3b644b59070fb6a918b8fed0f5e0e6c",
    "https://deno.land/x/eta@v3.5.0/src/config.ts": "5b13139a94c07a13d9467712d754fb02f6b5245d30c0bab792f79b22277d4da8",
    "https://deno.land/x/eta@v3.5.0/src/core.ts": "79ca3d073fde31f3d38f09048c9da7519c688563d48e05e014d85db26d9d7402",
    "https://deno.land/x/eta@v3.5.0/src/err.ts": "7354a040b6aa49650d564c1f9791d9efe67499c1772632472f1cb91e93eb3af0",
    "https://deno.land/x/eta@v3.5.0/src/file-handling.ts": "eeabf27135ec1fa1b513cafc61dc0ef6fbe385b0c10004d250f514e718469b6a",
    "https://deno.land/x/eta@v3.5.0/src/index.ts": "d2bacfd6fc5ab8f41fc2802e2191863b5c630256648b0d2e8a2962412d63b1ac",
    "https://deno.land/x/eta@v3.5.0/src/parse.ts": "a029cc6b95e8c1393f1f4d25f107f770e6ab41b8dbb820e2c26f6808b8ef74a5",
    "https://deno.land/x/eta@v3.5.0/src/render.ts": "e63acccd1b3a0dfcf67c712c172f8175e71d30f0d3c6a07f2f7555e52f7b6cf1",
    "https://deno.land/x/eta@v3.5.0/src/storage.ts": "c40bd31cdd6f1218c86f70067282709e2f2c7fa7eea67547be950e1ed5d4bd4c",
    "https://deno.land/x/eta@v3.5.0/src/utils.ts": "8e651cf1f30dfc90de15242079b7dd1a6f53789c5c8d65e1280cf15381847937",
    "https://deno.land/x/oak_logger@1.0.0/mod.ts": "10253fd9517a71d3c0771fcf2d9bd9297874160794d470597afce4102b0d51b3"
  },
  "workspace": {
    "dependencies": [
      "jsr:@std/assert@1"
    ]
  }
}
